
Microsoft Visual Studio Solution File, Format Version 12.00
# Visual Studio Version 17
VisualStudioVersion = 17.8.34330.188
MinimumVisualStudioVersion = 10.0.40219.1
Project("{FAE04EC0-301F-11D3-BF4B-00C04F79EFBC}") = "VideosMvcApp", "VideosMvcApp\VideosMvcApp.csproj", "{876EF9DF-09A4-4EC7-AD0B-F0359179A115}"
EndProject
Global
	GlobalSection(SolutionConfigurationPlatforms) = preSolution
		Debug|Any CPU = Debug|Any CPU
		Release|Any CPU = Release|Any CPU
	EndGlobalSection
	GlobalSection(ProjectConfigurationPlatforms) = postSolution
		{876EF9DF-09A4-4EC7-AD0B-F0359179A115}.Debug|Any CPU.ActiveCfg = Debug|Any CPU
		{876EF9DF-09A4-4EC7-AD0B-F0359179A115}.Debug|Any CPU.Build.0 = Debug|Any CPU
		{876EF9DF-09A4-4EC7-AD0B-F0359179A115}.Release|Any CPU.ActiveCfg = Release|Any CPU
		{876EF9DF-09A4-4EC7-AD0B-F0359179A115}.Release|Any CPU.Build.0 = Release|Any CPU
	EndGlobalSection
	GlobalSection(SolutionProperties) = preSolution
		HideSolutionNode = FALSE
	EndGlobalSection
	GlobalSection(ExtensibilityGlobals) = postSolution
		SolutionGuid = {5B6AEAC7-E851-411B-B8A2-C9C7D1F668D8}
	EndGlobalSection
EndGlobal
